
Microsoft Visual Studio Solution File, Format Version 12.00
Project("{FAE04EC0-301F-11D3-BF4B-00C04F79EFBC}") = "TeamR.Api", "TeamR.Api\TeamR.Api.csproj", "{149AAB24-97C0-45EB-8B30-52C93D29ED75}"
EndProject
Project("{2150E333-8FDC-42A3-9474-1A3956D46DE8}") = "api", "api", "{4BEC0871-48A2-4DAC-8994-441231088CFE}"
EndProject
Project("{2150E333-8FDC-42A3-9474-1A3956D46DE8}") = "core", "core", "{A2D71FD5-23BD-4B0D-9CC1-008387CF7BE7}"
EndProject
Project("{2150E333-8FDC-42A3-9474-1A3956D46DE8}") = "test", "test", "{2A2C5EF5-2748-40FC-A41A-D6DC9D94FABF}"
EndProject
Project("{FAE04EC0-301F-11D3-BF4B-00C04F79EFBC}") = "TeamR.Core", "TeamR.Core\TeamR.Core.csproj", "{DE1A4D14-1B96-4110-82DA-956268DC1591}"
EndProject
Project("{FAE04EC0-301F-11D3-BF4B-00C04F79EFBC}") = "TeamR.Repository", "TeamR.Repository\TeamR.Repository.csproj", "{F94CD346-847A-438E-874C-0755A333EAFD}"
EndProject
Project("{FAE04EC0-301F-11D3-BF4B-00C04F79EFBC}") = "TeamR.Infrastructure", "TeamR.Infrastructure\TeamR.Infrastructure.csproj", "{45E4E0AE-A7DE-455B-8735-0E6071DB26C9}"
EndProject
Project("{FAE04EC0-301F-11D3-BF4B-00C04F79EFBC}") = "TeamR.Terminal", "TeamR.Terminal\TeamR.Terminal.csproj", "{395A3CF7-9703-4DF7-9C5B-E35F6CE7B688}"
EndProject
Project("{FAE04EC0-301F-11D3-BF4B-00C04F79EFBC}") = "TeamR.Test", "TeamR.Test\TeamR.Test.csproj", "{85EB9DE0-4105-4E57-B5C8-619B2E9C6440}"
EndProject
Project("{FAE04EC0-301F-11D3-BF4B-00C04F79EFBC}") = "TeamR.Domain", "TeamR.Domain\TeamR.Domain.csproj", "{989E8BE2-7ED9-4219-B51B-B1968B59F6F1}"
EndProject
Project("{FAE04EC0-301F-11D3-BF4B-00C04F79EFBC}") = "TeamR.Database", "TeamR.Database\TeamR.Database.csproj", "{E86125F6-0719-4A62-B31C-91DF59773A1E}"
EndProject
Project("{FAE04EC0-301F-11D3-BF4B-00C04F79EFBC}") = "TeamR.Convertor", "TeamR.Convertor\TeamR.Convertor.csproj", "{F59BBA2A-3570-40AA-9CA1-EA894D097E64}"
EndProject
Global
	GlobalSection(SolutionConfigurationPlatforms) = preSolution
		Debug|Any CPU = Debug|Any CPU
		Release|Any CPU = Release|Any CPU
	EndGlobalSection
	GlobalSection(ProjectConfigurationPlatforms) = postSolution
		{149AAB24-97C0-45EB-8B30-52C93D29ED75}.Debug|Any CPU.ActiveCfg = Debug|Any CPU
		{149AAB24-97C0-45EB-8B30-52C93D29ED75}.Debug|Any CPU.Build.0 = Debug|Any CPU
		{149AAB24-97C0-45EB-8B30-52C93D29ED75}.Release|Any CPU.ActiveCfg = Release|Any CPU
		{149AAB24-97C0-45EB-8B30-52C93D29ED75}.Release|Any CPU.Build.0 = Release|Any CPU
		{DE1A4D14-1B96-4110-82DA-956268DC1591}.Debug|Any CPU.ActiveCfg = Debug|Any CPU
		{DE1A4D14-1B96-4110-82DA-956268DC1591}.Debug|Any CPU.Build.0 = Debug|Any CPU
		{DE1A4D14-1B96-4110-82DA-956268DC1591}.Release|Any CPU.ActiveCfg = Release|Any CPU
		{DE1A4D14-1B96-4110-82DA-956268DC1591}.Release|Any CPU.Build.0 = Release|Any CPU
		{F94CD346-847A-438E-874C-0755A333EAFD}.Debug|Any CPU.ActiveCfg = Debug|Any CPU
		{F94CD346-847A-438E-874C-0755A333EAFD}.Debug|Any CPU.Build.0 = Debug|Any CPU
		{F94CD346-847A-438E-874C-0755A333EAFD}.Release|Any CPU.ActiveCfg = Release|Any CPU
		{F94CD346-847A-438E-874C-0755A333EAFD}.Release|Any CPU.Build.0 = Release|Any CPU
		{45E4E0AE-A7DE-455B-8735-0E6071DB26C9}.Debug|Any CPU.ActiveCfg = Debug|Any CPU
		{45E4E0AE-A7DE-455B-8735-0E6071DB26C9}.Debug|Any CPU.Build.0 = Debug|Any CPU
		{45E4E0AE-A7DE-455B-8735-0E6071DB26C9}.Release|Any CPU.ActiveCfg = Release|Any CPU
		{45E4E0AE-A7DE-455B-8735-0E6071DB26C9}.Release|Any CPU.Build.0 = Release|Any CPU
		{395A3CF7-9703-4DF7-9C5B-E35F6CE7B688}.Debug|Any CPU.ActiveCfg = Debug|Any CPU
		{395A3CF7-9703-4DF7-9C5B-E35F6CE7B688}.Debug|Any CPU.Build.0 = Debug|Any CPU
		{395A3CF7-9703-4DF7-9C5B-E35F6CE7B688}.Release|Any CPU.ActiveCfg = Release|Any CPU
		{395A3CF7-9703-4DF7-9C5B-E35F6CE7B688}.Release|Any CPU.Build.0 = Release|Any CPU
		{85EB9DE0-4105-4E57-B5C8-619B2E9C6440}.Debug|Any CPU.ActiveCfg = Debug|Any CPU
		{85EB9DE0-4105-4E57-B5C8-619B2E9C6440}.Debug|Any CPU.Build.0 = Debug|Any CPU
		{85EB9DE0-4105-4E57-B5C8-619B2E9C6440}.Release|Any CPU.ActiveCfg = Release|Any CPU
		{85EB9DE0-4105-4E57-B5C8-619B2E9C6440}.Release|Any CPU.Build.0 = Release|Any CPU
		{989E8BE2-7ED9-4219-B51B-B1968B59F6F1}.Debug|Any CPU.ActiveCfg = Debug|Any CPU
		{989E8BE2-7ED9-4219-B51B-B1968B59F6F1}.Debug|Any CPU.Build.0 = Debug|Any CPU
		{989E8BE2-7ED9-4219-B51B-B1968B59F6F1}.Release|Any CPU.ActiveCfg = Release|Any CPU
		{989E8BE2-7ED9-4219-B51B-B1968B59F6F1}.Release|Any CPU.Build.0 = Release|Any CPU
		{E86125F6-0719-4A62-B31C-91DF59773A1E}.Debug|Any CPU.ActiveCfg = Debug|Any CPU
		{E86125F6-0719-4A62-B31C-91DF59773A1E}.Debug|Any CPU.Build.0 = Debug|Any CPU
		{E86125F6-0719-4A62-B31C-91DF59773A1E}.Release|Any CPU.ActiveCfg = Release|Any CPU
		{E86125F6-0719-4A62-B31C-91DF59773A1E}.Release|Any CPU.Build.0 = Release|Any CPU
		{F59BBA2A-3570-40AA-9CA1-EA894D097E64}.Debug|Any CPU.ActiveCfg = Debug|Any CPU
		{F59BBA2A-3570-40AA-9CA1-EA894D097E64}.Debug|Any CPU.Build.0 = Debug|Any CPU
		{F59BBA2A-3570-40AA-9CA1-EA894D097E64}.Release|Any CPU.ActiveCfg = Release|Any CPU
		{F59BBA2A-3570-40AA-9CA1-EA894D097E64}.Release|Any CPU.Build.0 = Release|Any CPU
	EndGlobalSection
	GlobalSection(NestedProjects) = preSolution
		{149AAB24-97C0-45EB-8B30-52C93D29ED75} = {4BEC0871-48A2-4DAC-8994-441231088CFE}
		{DE1A4D14-1B96-4110-82DA-956268DC1591} = {A2D71FD5-23BD-4B0D-9CC1-008387CF7BE7}
		{F94CD346-847A-438E-874C-0755A333EAFD} = {A2D71FD5-23BD-4B0D-9CC1-008387CF7BE7}
		{45E4E0AE-A7DE-455B-8735-0E6071DB26C9} = {A2D71FD5-23BD-4B0D-9CC1-008387CF7BE7}
		{395A3CF7-9703-4DF7-9C5B-E35F6CE7B688} = {A2D71FD5-23BD-4B0D-9CC1-008387CF7BE7}
		{85EB9DE0-4105-4E57-B5C8-619B2E9C6440} = {2A2C5EF5-2748-40FC-A41A-D6DC9D94FABF}
		{989E8BE2-7ED9-4219-B51B-B1968B59F6F1} = {A2D71FD5-23BD-4B0D-9CC1-008387CF7BE7}
		{E86125F6-0719-4A62-B31C-91DF59773A1E} = {A2D71FD5-23BD-4B0D-9CC1-008387CF7BE7}
		{F59BBA2A-3570-40AA-9CA1-EA894D097E64} = {A2D71FD5-23BD-4B0D-9CC1-008387CF7BE7}
	EndGlobalSection
EndGlobal
